{
  "name": "ajs_platforms",
  "version": "1.0.0",
  "lockfileVersion": 3,
  "requires": true,
  "packages": {
    "": {
      "name": "ajs_platforms",
      "version": "1.0.0",
      "license": "ISC",
      "dependencies": {
        "@stasrostov/ajs": "^1.0.0"
      }
    },
    "node_modules/@stasrostov/ajs": {
      "version": "1.0.0",
      "resolved": "https://npm.pkg.github.com/download/@stasrostov/ajs/1.0.0/7a6a3712cf68a1f404e1d0a39e664958dd2a531f",
      "integrity": "sha512-O9nEGbZ7w8shxmPWfBa6O+Xd/1dFOp4sxWLm8X+hU8TZ1TdKRoKvn6NGPmhbSuiowYiFmMy3xwIKpFOSdWfP/w=="
    }
  }
}
